
Microsoft Visual Studio Solution File, Format Version 12.00
# Visual Studio Version 17
VisualStudioVersion = 17.3.32929.385
MinimumVisualStudioVersion = 10.0.40219.1
Project("{FAE04EC0-301F-11D3-BF4B-00C04F79EFBC}") = "HelloCad", "HelloCad\HelloCad.csproj", "{CD7F2CCA-8C5D-401B-AE16-365063855BD0}"
EndProject
Project("{FAE04EC0-301F-11D3-BF4B-00C04F79EFBC}") = "TestRibbon", "TestRibbon\TestRibbon.csproj", "{9E2984B3-CDD6-490B-88B2-011FD00AD890}"
EndProject
Project("{FAE04EC0-301F-11D3-BF4B-00C04F79EFBC}") = "WpfControls", "WpfControls\WpfControls.csproj", "{F46FA0E5-0966-489F-B952-2F0026052648}"
EndProject
Global
	GlobalSection(SolutionConfigurationPlatforms) = preSolution
		Debug|Any CPU = Debug|Any CPU
		Debug|x64 = Debug|x64
		Release|Any CPU = Release|Any CPU
		Release|x64 = Release|x64
	EndGlobalSection
	GlobalSection(ProjectConfigurationPlatforms) = postSolution
		{CD7F2CCA-8C5D-401B-AE16-365063855BD0}.Debug|Any CPU.ActiveCfg = Debug|Any CPU
		{CD7F2CCA-8C5D-401B-AE16-365063855BD0}.Debug|Any CPU.Build.0 = Debug|Any CPU
		{CD7F2CCA-8C5D-401B-AE16-365063855BD0}.Debug|x64.ActiveCfg = Debug|x64
		{CD7F2CCA-8C5D-401B-AE16-365063855BD0}.Debug|x64.Build.0 = Debug|x64
		{CD7F2CCA-8C5D-401B-AE16-365063855BD0}.Release|Any CPU.ActiveCfg = Release|Any CPU
		{CD7F2CCA-8C5D-401B-AE16-365063855BD0}.Release|Any CPU.Build.0 = Release|Any CPU
		{CD7F2CCA-8C5D-401B-AE16-365063855BD0}.Release|x64.ActiveCfg = Release|x64
		{CD7F2CCA-8C5D-401B-AE16-365063855BD0}.Release|x64.Build.0 = Release|x64
		{9E2984B3-CDD6-490B-88B2-011FD00AD890}.Debug|Any CPU.ActiveCfg = Debug|Any CPU
		{9E2984B3-CDD6-490B-88B2-011FD00AD890}.Debug|Any CPU.Build.0 = Debug|Any CPU
		{9E2984B3-CDD6-490B-88B2-011FD00AD890}.Debug|x64.ActiveCfg = Debug|x64
		{9E2984B3-CDD6-490B-88B2-011FD00AD890}.Debug|x64.Build.0 = Debug|x64
		{9E2984B3-CDD6-490B-88B2-011FD00AD890}.Release|Any CPU.ActiveCfg = Release|Any CPU
		{9E2984B3-CDD6-490B-88B2-011FD00AD890}.Release|Any CPU.Build.0 = Release|Any CPU
		{9E2984B3-CDD6-490B-88B2-011FD00AD890}.Release|x64.ActiveCfg = Release|Any CPU
		{9E2984B3-CDD6-490B-88B2-011FD00AD890}.Release|x64.Build.0 = Release|Any CPU
		{F46FA0E5-0966-489F-B952-2F0026052648}.Debug|Any CPU.ActiveCfg = Debug|Any CPU
		{F46FA0E5-0966-489F-B952-2F0026052648}.Debug|Any CPU.Build.0 = Debug|Any CPU
		{F46FA0E5-0966-489F-B952-2F0026052648}.Debug|x64.ActiveCfg = Debug|Any CPU
		{F46FA0E5-0966-489F-B952-2F0026052648}.Debug|x64.Build.0 = Debug|Any CPU
		{F46FA0E5-0966-489F-B952-2F0026052648}.Release|Any CPU.ActiveCfg = Release|Any CPU
		{F46FA0E5-0966-489F-B952-2F0026052648}.Release|Any CPU.Build.0 = Release|Any CPU
		{F46FA0E5-0966-489F-B952-2F0026052648}.Release|x64.ActiveCfg = Release|Any CPU
		{F46FA0E5-0966-489F-B952-2F0026052648}.Release|x64.Build.0 = Release|Any CPU
	EndGlobalSection
	GlobalSection(SolutionProperties) = preSolution
		HideSolutionNode = FALSE
	EndGlobalSection
	GlobalSection(ExtensibilityGlobals) = postSolution
		SolutionGuid = {92C895B9-B22A-4F58-942C-E84112042D5D}
	EndGlobalSection
EndGlobal
